
Microsoft Visual Studio Solution File, Format Version 12.00
# Visual Studio Version 16
VisualStudioVersion = 16.0.29411.108
MinimumVisualStudioVersion = 10.0.40219.1
Project("{9A19103F-16F7-4668-BE54-9A1E7A4F7556}") = "NLevezinho.WebProject", "NLevezinho.WebProject\NLevezinho.WebProject.csproj", "{F8A6F611-26E2-4AC1-BE8E-4CBF30A626C7}"
EndProject
Project("{9A19103F-16F7-4668-BE54-9A1E7A4F7556}") = "NLevezinho.Container", "NLevezinho.Container\NLevezinho.Container.csproj", "{E8BD068B-951A-4029-A103-18D52FE982A8}"
EndProject
Project("{FAE04EC0-301F-11D3-BF4B-00C04F79EFBC}") = "NLevezinho.Console", "NLevezinho.Console\NLevezinho.Console.csproj", "{E912AAE3-0488-41C2-82AF-AC22C9757DE9}"
EndProject
Global
	GlobalSection(SolutionConfigurationPlatforms) = preSolution
		Debug|Any CPU = Debug|Any CPU
		Release|Any CPU = Release|Any CPU
	EndGlobalSection
	GlobalSection(ProjectConfigurationPlatforms) = postSolution
		{F8A6F611-26E2-4AC1-BE8E-4CBF30A626C7}.Debug|Any CPU.ActiveCfg = Debug|Any CPU
		{F8A6F611-26E2-4AC1-BE8E-4CBF30A626C7}.Debug|Any CPU.Build.0 = Debug|Any CPU
		{F8A6F611-26E2-4AC1-BE8E-4CBF30A626C7}.Release|Any CPU.ActiveCfg = Release|Any CPU
		{F8A6F611-26E2-4AC1-BE8E-4CBF30A626C7}.Release|Any CPU.Build.0 = Release|Any CPU
		{E8BD068B-951A-4029-A103-18D52FE982A8}.Debug|Any CPU.ActiveCfg = Debug|Any CPU
		{E8BD068B-951A-4029-A103-18D52FE982A8}.Debug|Any CPU.Build.0 = Debug|Any CPU
		{E8BD068B-951A-4029-A103-18D52FE982A8}.Release|Any CPU.ActiveCfg = Release|Any CPU
		{E8BD068B-951A-4029-A103-18D52FE982A8}.Release|Any CPU.Build.0 = Release|Any CPU
		{E912AAE3-0488-41C2-82AF-AC22C9757DE9}.Debug|Any CPU.ActiveCfg = Debug|Any CPU
		{E912AAE3-0488-41C2-82AF-AC22C9757DE9}.Debug|Any CPU.Build.0 = Debug|Any CPU
		{E912AAE3-0488-41C2-82AF-AC22C9757DE9}.Release|Any CPU.ActiveCfg = Release|Any CPU
		{E912AAE3-0488-41C2-82AF-AC22C9757DE9}.Release|Any CPU.Build.0 = Release|Any CPU
	EndGlobalSection
	GlobalSection(SolutionProperties) = preSolution
		HideSolutionNode = FALSE
	EndGlobalSection
	GlobalSection(ExtensibilityGlobals) = postSolution
		SolutionGuid = {C2F74F6F-EDFC-40B5-892F-9B481520D682}
	EndGlobalSection
EndGlobal
